
Microsoft Visual Studio Solution File, Format Version 12.00
# Visual Studio Version 17
VisualStudioVersion = 17.8.34511.84
MinimumVisualStudioVersion = 10.0.40219.1
Project("{2150E333-8FDC-42A3-9474-1A3956D46DE8}") = "src", "src", "{C4FF91DE-1D9F-4564-8397-FF4CC254749A}"
	ProjectSection(SolutionItems) = preProject
		docker-compose.yml = docker-compose.yml
	EndProjectSection
EndProject
Project("{2150E333-8FDC-42A3-9474-1A3956D46DE8}") = "Services", "Services", "{8BB1F015-7B31-4CCA-B074-A2C5D3C79AE4}"
EndProject
Project("{2150E333-8FDC-42A3-9474-1A3956D46DE8}") = "Customer", "Customer", "{EBFAAD53-4D80-44EF-8E6F-C2DC4A3A0853}"
EndProject
Project("{FAE04EC0-301F-11D3-BF4B-00C04F79EFBC}") = "Customer.API", "Customer.API\Customer.API.csproj", "{17848F19-B8E0-48C6-88EF-AE1FB315B185}"
EndProject
Project("{2150E333-8FDC-42A3-9474-1A3956D46DE8}") = "Order", "Order", "{1FDA4ECA-B268-4D7F-9A1B-D84A5FC7A11A}"
EndProject
Project("{FAE04EC0-301F-11D3-BF4B-00C04F79EFBC}") = "Order.API", "Order.API\Order.API.csproj", "{388E4B77-2220-4557-A942-BFAD1F30EB98}"
EndProject
Project("{FAE04EC0-301F-11D3-BF4B-00C04F79EFBC}") = "Customer.Application", "Customer.Application\Customer.Application.csproj", "{1517CD62-929F-4FA2-B02A-FAA4CFB936AD}"
EndProject
Project("{2150E333-8FDC-42A3-9474-1A3956D46DE8}") = "Payment", "Payment", "{5FA36178-3FC0-4B94-8F59-FEC9B20C1F11}"
EndProject
Project("{FAE04EC0-301F-11D3-BF4B-00C04F79EFBC}") = "Payment.API", "Payment.API\Payment.API.csproj", "{5BF6E926-8C7F-45BA-BD9B-68EB7BD88DC9}"
EndProject
Project("{FAE04EC0-301F-11D3-BF4B-00C04F79EFBC}") = "Order.Application", "Order.Application\Order.Application.csproj", "{A7781D61-293E-41D7-93C1-3859870902AF}"
EndProject
Project("{FAE04EC0-301F-11D3-BF4B-00C04F79EFBC}") = "Payment.Application", "Payment.Application\Payment.Application.csproj", "{DEB4219C-9005-474D-9551-4FC625861910}"
EndProject
Project("{FAE04EC0-301F-11D3-BF4B-00C04F79EFBC}") = "Customer.Domain", "Customer.Domain\Customer.Domain.csproj", "{381B0142-973B-42CA-88E8-9A76F77AEFEB}"
EndProject
Project("{FAE04EC0-301F-11D3-BF4B-00C04F79EFBC}") = "Order.Domain", "Order.Domain\Order.Domain.csproj", "{1654B433-6D20-4AFD-86A9-EC3C7FA6F197}"
EndProject
Project("{FAE04EC0-301F-11D3-BF4B-00C04F79EFBC}") = "Payment.Domain", "Payment.Domain\Payment.Domain.csproj", "{F0832DF0-2307-48BC-AA87-32D0C18BF777}"
EndProject
Project("{FAE04EC0-301F-11D3-BF4B-00C04F79EFBC}") = "Customer.Infrastructure", "Customer.Infrastructure\Customer.Infrastructure.csproj", "{5C4843B5-09FF-4A29-8F81-C70EC2F4A119}"
EndProject
Project("{FAE04EC0-301F-11D3-BF4B-00C04F79EFBC}") = "Order.Infrastructure", "Order.Infrastructure\Order.Infrastructure.csproj", "{BE35CB60-77DD-4BB2-875B-CF22DDCC34D2}"
EndProject
Project("{FAE04EC0-301F-11D3-BF4B-00C04F79EFBC}") = "Payment.Infrastructure", "Payment.Infrastructure\Payment.Infrastructure.csproj", "{301A762E-F616-4339-BE9A-8698A777BF61}"
EndProject
Project("{2150E333-8FDC-42A3-9474-1A3956D46DE8}") = "BuildingBlocks", "BuildingBlocks", "{1DBBE81E-1159-4B62-8690-4D82667DC050}"
EndProject
Project("{2150E333-8FDC-42A3-9474-1A3956D46DE8}") = "OrderManagementSystem.BuildingBlocks", "OrderManagementSystem.BuildingBlocks", "{95A7BCC7-04C7-4EE9-8137-8B9D96D1A3EA}"
EndProject
Project("{2150E333-8FDC-42A3-9474-1A3956D46DE8}") = "Contracts", "Contracts", "{D590D5C8-0403-4272-8AD7-30329570CF68}"
	ProjectSection(SolutionItems) = preProject
		OrderCreated.cs = OrderCreated.cs
	EndProjectSection
EndProject
Project("{2150E333-8FDC-42A3-9474-1A3956D46DE8}") = "Commands", "Commands", "{49439B53-6613-420F-8803-8AF1716CE44E}"
	ProjectSection(SolutionItems) = preProject
		CreateOrderCommand.cs = CreateOrderCommand.cs
	EndProjectSection
EndProject
Project("{2150E333-8FDC-42A3-9474-1A3956D46DE8}") = "Events", "Events", "{CCF77C4C-0662-4E27-B1C0-4973222A71E9}"
	ProjectSection(SolutionItems) = preProject
		OrderCreatedEvent.cs = OrderCreatedEvent.cs
	EndProjectSection
EndProject
Global
	GlobalSection(SolutionConfigurationPlatforms) = preSolution
		Debug|Any CPU = Debug|Any CPU
		Release|Any CPU = Release|Any CPU
	EndGlobalSection
	GlobalSection(ProjectConfigurationPlatforms) = postSolution
		{17848F19-B8E0-48C6-88EF-AE1FB315B185}.Debug|Any CPU.ActiveCfg = Debug|Any CPU
		{17848F19-B8E0-48C6-88EF-AE1FB315B185}.Debug|Any CPU.Build.0 = Debug|Any CPU
		{17848F19-B8E0-48C6-88EF-AE1FB315B185}.Release|Any CPU.ActiveCfg = Release|Any CPU
		{17848F19-B8E0-48C6-88EF-AE1FB315B185}.Release|Any CPU.Build.0 = Release|Any CPU
		{388E4B77-2220-4557-A942-BFAD1F30EB98}.Debug|Any CPU.ActiveCfg = Debug|Any CPU
		{388E4B77-2220-4557-A942-BFAD1F30EB98}.Debug|Any CPU.Build.0 = Debug|Any CPU
		{388E4B77-2220-4557-A942-BFAD1F30EB98}.Release|Any CPU.ActiveCfg = Release|Any CPU
		{388E4B77-2220-4557-A942-BFAD1F30EB98}.Release|Any CPU.Build.0 = Release|Any CPU
		{1517CD62-929F-4FA2-B02A-FAA4CFB936AD}.Debug|Any CPU.ActiveCfg = Debug|Any CPU
		{1517CD62-929F-4FA2-B02A-FAA4CFB936AD}.Debug|Any CPU.Build.0 = Debug|Any CPU
		{1517CD62-929F-4FA2-B02A-FAA4CFB936AD}.Release|Any CPU.ActiveCfg = Release|Any CPU
		{1517CD62-929F-4FA2-B02A-FAA4CFB936AD}.Release|Any CPU.Build.0 = Release|Any CPU
		{5BF6E926-8C7F-45BA-BD9B-68EB7BD88DC9}.Debug|Any CPU.ActiveCfg = Debug|Any CPU
		{5BF6E926-8C7F-45BA-BD9B-68EB7BD88DC9}.Debug|Any CPU.Build.0 = Debug|Any CPU
		{5BF6E926-8C7F-45BA-BD9B-68EB7BD88DC9}.Release|Any CPU.ActiveCfg = Release|Any CPU
		{5BF6E926-8C7F-45BA-BD9B-68EB7BD88DC9}.Release|Any CPU.Build.0 = Release|Any CPU
		{A7781D61-293E-41D7-93C1-3859870902AF}.Debug|Any CPU.ActiveCfg = Debug|Any CPU
		{A7781D61-293E-41D7-93C1-3859870902AF}.Debug|Any CPU.Build.0 = Debug|Any CPU
		{A7781D61-293E-41D7-93C1-3859870902AF}.Release|Any CPU.ActiveCfg = Release|Any CPU
		{A7781D61-293E-41D7-93C1-3859870902AF}.Release|Any CPU.Build.0 = Release|Any CPU
		{DEB4219C-9005-474D-9551-4FC625861910}.Debug|Any CPU.ActiveCfg = Debug|Any CPU
		{DEB4219C-9005-474D-9551-4FC625861910}.Debug|Any CPU.Build.0 = Debug|Any CPU
		{DEB4219C-9005-474D-9551-4FC625861910}.Release|Any CPU.ActiveCfg = Release|Any CPU
		{DEB4219C-9005-474D-9551-4FC625861910}.Release|Any CPU.Build.0 = Release|Any CPU
		{381B0142-973B-42CA-88E8-9A76F77AEFEB}.Debug|Any CPU.ActiveCfg = Debug|Any CPU
		{381B0142-973B-42CA-88E8-9A76F77AEFEB}.Debug|Any CPU.Build.0 = Debug|Any CPU
		{381B0142-973B-42CA-88E8-9A76F77AEFEB}.Release|Any CPU.ActiveCfg = Release|Any CPU
		{381B0142-973B-42CA-88E8-9A76F77AEFEB}.Release|Any CPU.Build.0 = Release|Any CPU
		{1654B433-6D20-4AFD-86A9-EC3C7FA6F197}.Debug|Any CPU.ActiveCfg = Debug|Any CPU
		{1654B433-6D20-4AFD-86A9-EC3C7FA6F197}.Debug|Any CPU.Build.0 = Debug|Any CPU
		{1654B433-6D20-4AFD-86A9-EC3C7FA6F197}.Release|Any CPU.ActiveCfg = Release|Any CPU
		{1654B433-6D20-4AFD-86A9-EC3C7FA6F197}.Release|Any CPU.Build.0 = Release|Any CPU
		{F0832DF0-2307-48BC-AA87-32D0C18BF777}.Debug|Any CPU.ActiveCfg = Debug|Any CPU
		{F0832DF0-2307-48BC-AA87-32D0C18BF777}.Debug|Any CPU.Build.0 = Debug|Any CPU
		{F0832DF0-2307-48BC-AA87-32D0C18BF777}.Release|Any CPU.ActiveCfg = Release|Any CPU
		{F0832DF0-2307-48BC-AA87-32D0C18BF777}.Release|Any CPU.Build.0 = Release|Any CPU
		{5C4843B5-09FF-4A29-8F81-C70EC2F4A119}.Debug|Any CPU.ActiveCfg = Debug|Any CPU
		{5C4843B5-09FF-4A29-8F81-C70EC2F4A119}.Debug|Any CPU.Build.0 = Debug|Any CPU
		{5C4843B5-09FF-4A29-8F81-C70EC2F4A119}.Release|Any CPU.ActiveCfg = Release|Any CPU
		{5C4843B5-09FF-4A29-8F81-C70EC2F4A119}.Release|Any CPU.Build.0 = Release|Any CPU
		{BE35CB60-77DD-4BB2-875B-CF22DDCC34D2}.Debug|Any CPU.ActiveCfg = Debug|Any CPU
		{BE35CB60-77DD-4BB2-875B-CF22DDCC34D2}.Debug|Any CPU.Build.0 = Debug|Any CPU
		{BE35CB60-77DD-4BB2-875B-CF22DDCC34D2}.Release|Any CPU.ActiveCfg = Release|Any CPU
		{BE35CB60-77DD-4BB2-875B-CF22DDCC34D2}.Release|Any CPU.Build.0 = Release|Any CPU
		{301A762E-F616-4339-BE9A-8698A777BF61}.Debug|Any CPU.ActiveCfg = Debug|Any CPU
		{301A762E-F616-4339-BE9A-8698A777BF61}.Debug|Any CPU.Build.0 = Debug|Any CPU
		{301A762E-F616-4339-BE9A-8698A777BF61}.Release|Any CPU.ActiveCfg = Release|Any CPU
		{301A762E-F616-4339-BE9A-8698A777BF61}.Release|Any CPU.Build.0 = Release|Any CPU
	EndGlobalSection
	GlobalSection(SolutionProperties) = preSolution
		HideSolutionNode = FALSE
	EndGlobalSection
	GlobalSection(NestedProjects) = preSolution
		{8BB1F015-7B31-4CCA-B074-A2C5D3C79AE4} = {C4FF91DE-1D9F-4564-8397-FF4CC254749A}
		{EBFAAD53-4D80-44EF-8E6F-C2DC4A3A0853} = {8BB1F015-7B31-4CCA-B074-A2C5D3C79AE4}
		{17848F19-B8E0-48C6-88EF-AE1FB315B185} = {EBFAAD53-4D80-44EF-8E6F-C2DC4A3A0853}
		{1FDA4ECA-B268-4D7F-9A1B-D84A5FC7A11A} = {8BB1F015-7B31-4CCA-B074-A2C5D3C79AE4}
		{388E4B77-2220-4557-A942-BFAD1F30EB98} = {1FDA4ECA-B268-4D7F-9A1B-D84A5FC7A11A}
		{1517CD62-929F-4FA2-B02A-FAA4CFB936AD} = {EBFAAD53-4D80-44EF-8E6F-C2DC4A3A0853}
		{5FA36178-3FC0-4B94-8F59-FEC9B20C1F11} = {8BB1F015-7B31-4CCA-B074-A2C5D3C79AE4}
		{5BF6E926-8C7F-45BA-BD9B-68EB7BD88DC9} = {5FA36178-3FC0-4B94-8F59-FEC9B20C1F11}
		{A7781D61-293E-41D7-93C1-3859870902AF} = {1FDA4ECA-B268-4D7F-9A1B-D84A5FC7A11A}
		{DEB4219C-9005-474D-9551-4FC625861910} = {5FA36178-3FC0-4B94-8F59-FEC9B20C1F11}
		{381B0142-973B-42CA-88E8-9A76F77AEFEB} = {EBFAAD53-4D80-44EF-8E6F-C2DC4A3A0853}
		{1654B433-6D20-4AFD-86A9-EC3C7FA6F197} = {1FDA4ECA-B268-4D7F-9A1B-D84A5FC7A11A}
		{F0832DF0-2307-48BC-AA87-32D0C18BF777} = {5FA36178-3FC0-4B94-8F59-FEC9B20C1F11}
		{5C4843B5-09FF-4A29-8F81-C70EC2F4A119} = {EBFAAD53-4D80-44EF-8E6F-C2DC4A3A0853}
		{BE35CB60-77DD-4BB2-875B-CF22DDCC34D2} = {1FDA4ECA-B268-4D7F-9A1B-D84A5FC7A11A}
		{301A762E-F616-4339-BE9A-8698A777BF61} = {5FA36178-3FC0-4B94-8F59-FEC9B20C1F11}
		{1DBBE81E-1159-4B62-8690-4D82667DC050} = {C4FF91DE-1D9F-4564-8397-FF4CC254749A}
		{95A7BCC7-04C7-4EE9-8137-8B9D96D1A3EA} = {1DBBE81E-1159-4B62-8690-4D82667DC050}
		{D590D5C8-0403-4272-8AD7-30329570CF68} = {95A7BCC7-04C7-4EE9-8137-8B9D96D1A3EA}
		{49439B53-6613-420F-8803-8AF1716CE44E} = {D590D5C8-0403-4272-8AD7-30329570CF68}
		{CCF77C4C-0662-4E27-B1C0-4973222A71E9} = {D590D5C8-0403-4272-8AD7-30329570CF68}
	EndGlobalSection
	GlobalSection(ExtensibilityGlobals) = postSolution
		SolutionGuid = {2BA5BF0D-31CB-4DF8-A6D8-A6905C00F43D}
	EndGlobalSection
EndGlobal
